
Microsoft Visual Studio Solution File, Format Version 12.00
# Visual Studio Version 16
VisualStudioVersion = 16.0.30717.126
MinimumVisualStudioVersion = 10.0.40219.1
Project("{FAE04EC0-301F-11D3-BF4B-00C04F79EFBC}") = "T1020075", "T1020075\T1020075.csproj", "{15860A84-FCDD-41BC-B5DC-0E796AA900E8}"
EndProject
Global
	GlobalSection(SolutionConfigurationPlatforms) = preSolution
		Debug|Any CPU = Debug|Any CPU
		Release|Any CPU = Release|Any CPU
	EndGlobalSection
	GlobalSection(ProjectConfigurationPlatforms) = postSolution
		{15860A84-FCDD-41BC-B5DC-0E796AA900E8}.Debug|Any CPU.ActiveCfg = Debug|Any CPU
		{15860A84-FCDD-41BC-B5DC-0E796AA900E8}.Debug|Any CPU.Build.0 = Debug|Any CPU
		{15860A84-FCDD-41BC-B5DC-0E796AA900E8}.Release|Any CPU.ActiveCfg = Release|Any CPU
		{15860A84-FCDD-41BC-B5DC-0E796AA900E8}.Release|Any CPU.Build.0 = Release|Any CPU
	EndGlobalSection
	GlobalSection(SolutionProperties) = preSolution
		HideSolutionNode = FALSE
	EndGlobalSection
	GlobalSection(ExtensibilityGlobals) = postSolution
		SolutionGuid = {5D52001A-B697-4CDC-89AB-1B781A7F1954}
	EndGlobalSection
EndGlobal
