
Microsoft Visual Studio Solution File, Format Version 12.00
# Visual Studio Version 17
VisualStudioVersion = 17.10.35013.160
MinimumVisualStudioVersion = 10.0.40219.1
Project("{9A19103F-16F7-4668-BE54-9A1E7A4F7556}") = "DxtGaugeInBlazor", "DxtGaugeInBlazor.csproj", "{BDA63C43-22D0-495E-B962-C903690FC9A2}"
EndProject
Project("{9A19103F-16F7-4668-BE54-9A1E7A4F7556}") = "JSWidgetsRCL", "JSWidgetsRCL\JSWidgetsRCL.csproj", "{9C4D8B19-944D-4C09-93C7-22D9E2FD14CC}"
EndProject
Global
	GlobalSection(SolutionConfigurationPlatforms) = preSolution
		Debug|Any CPU = Debug|Any CPU
		Release|Any CPU = Release|Any CPU
	EndGlobalSection
	GlobalSection(ProjectConfigurationPlatforms) = postSolution
		{BDA63C43-22D0-495E-B962-C903690FC9A2}.Debug|Any CPU.ActiveCfg = Debug|Any CPU
		{BDA63C43-22D0-495E-B962-C903690FC9A2}.Debug|Any CPU.Build.0 = Debug|Any CPU
		{BDA63C43-22D0-495E-B962-C903690FC9A2}.Release|Any CPU.ActiveCfg = Release|Any CPU
		{BDA63C43-22D0-495E-B962-C903690FC9A2}.Release|Any CPU.Build.0 = Release|Any CPU
		{9C4D8B19-944D-4C09-93C7-22D9E2FD14CC}.Debug|Any CPU.ActiveCfg = Debug|Any CPU
		{9C4D8B19-944D-4C09-93C7-22D9E2FD14CC}.Debug|Any CPU.Build.0 = Debug|Any CPU
		{9C4D8B19-944D-4C09-93C7-22D9E2FD14CC}.Release|Any CPU.ActiveCfg = Release|Any CPU
		{9C4D8B19-944D-4C09-93C7-22D9E2FD14CC}.Release|Any CPU.Build.0 = Release|Any CPU
	EndGlobalSection
	GlobalSection(SolutionProperties) = preSolution
		HideSolutionNode = FALSE
	EndGlobalSection
	GlobalSection(ExtensibilityGlobals) = postSolution
		SolutionGuid = {FA64B348-3969-4E6A-A270-45352C0C531C}
	EndGlobalSection
EndGlobal
